
Microsoft Visual Studio Solution File, Format Version 12.00
# Visual Studio Version 16
VisualStudioVersion = 16.0.30309.148
MinimumVisualStudioVersion = 10.0.40219.1
Project("{9A19103F-16F7-4668-BE54-9A1E7A4F7556}") = "Sean.Core.Encryption", "src\Sean.Core.Encryption\Sean.Core.Encryption.csproj", "{6F195AA2-719A-41D7-9F17-6F9A5C328463}"
EndProject
Project("{2150E333-8FDC-42A3-9474-1A3956D46DE8}") = "Test", "Test", "{29AA83C2-2D67-4920-94BF-C2C168CF9553}"
EndProject
Global
	GlobalSection(SolutionConfigurationPlatforms) = preSolution
		Debug|Any CPU = Debug|Any CPU
		Release|Any CPU = Release|Any CPU
	EndGlobalSection
	GlobalSection(ProjectConfigurationPlatforms) = postSolution
		{6F195AA2-719A-41D7-9F17-6F9A5C328463}.Debug|Any CPU.ActiveCfg = Debug|Any CPU
		{6F195AA2-719A-41D7-9F17-6F9A5C328463}.Debug|Any CPU.Build.0 = Debug|Any CPU
		{6F195AA2-719A-41D7-9F17-6F9A5C328463}.Release|Any CPU.ActiveCfg = Release|Any CPU
		{6F195AA2-719A-41D7-9F17-6F9A5C328463}.Release|Any CPU.Build.0 = Release|Any CPU
	EndGlobalSection
	GlobalSection(SolutionProperties) = preSolution
		HideSolutionNode = FALSE
	EndGlobalSection
	GlobalSection(ExtensibilityGlobals) = postSolution
		SolutionGuid = {3ECE14C2-6A40-4B1C-B347-C05FCC03E5A8}
	EndGlobalSection
EndGlobal
